
Microsoft Visual Studio Solution File, Format Version 12.00
# Visual Studio Version 17
VisualStudioVersion = 17.7.34018.315
MinimumVisualStudioVersion = 10.0.40219.1
Project("{2150E333-8FDC-42A3-9474-1A3956D46DE8}") = "01数组", "01数组", "{E202878F-7F5D-43B3-AD95-C515B933044D}"
EndProject
Project("{2150E333-8FDC-42A3-9474-1A3956D46DE8}") = "02链表", "02链表", "{D2E595C1-A27C-4E27-A9CD-A06E4801BE80}"
EndProject
Project("{2150E333-8FDC-42A3-9474-1A3956D46DE8}") = "03哈希表", "03哈希表", "{D98F9A0F-68CA-4168-BCDA-0E795503129A}"
EndProject
Project("{2150E333-8FDC-42A3-9474-1A3956D46DE8}") = "04字符串", "04字符串", "{EF966B37-10DE-4FD5-B1D9-CCE87BF2B287}"
EndProject
Project("{2150E333-8FDC-42A3-9474-1A3956D46DE8}") = "05双指针法", "05双指针法", "{A9DBBFB6-E19A-47FB-9694-7A705B109595}"
EndProject
Project("{2150E333-8FDC-42A3-9474-1A3956D46DE8}") = "06栈与队列", "06栈与队列", "{40FB713E-2C9B-44AD-A359-C181EC1B332F}"
EndProject
Project("{2150E333-8FDC-42A3-9474-1A3956D46DE8}") = "07二叉树", "07二叉树", "{92842DFD-4894-4C79-95BA-56CD38BB2943}"
EndProject
Project("{2150E333-8FDC-42A3-9474-1A3956D46DE8}") = "08回溯算法", "08回溯算法", "{C9EC1640-86AE-4CFC-8C0F-EE8B2FC60D47}"
EndProject
Project("{2150E333-8FDC-42A3-9474-1A3956D46DE8}") = "09贪心算法", "09贪心算法", "{D5778032-A15B-4CAC-871B-E039C5CA4C3D}"
EndProject
Project("{2150E333-8FDC-42A3-9474-1A3956D46DE8}") = "10动态规划", "10动态规划", "{75BA5104-DC29-4CA6-A694-8304695FE89F}"
EndProject
Project("{2150E333-8FDC-42A3-9474-1A3956D46DE8}") = "11单调栈", "11单调栈", "{489A5A0C-059E-43DD-A4AE-590B38F49185}"
EndProject
Project("{2150E333-8FDC-42A3-9474-1A3956D46DE8}") = "12图论", "12图论", "{D86BCA73-4EF6-4A64-A345-D9E12EA5A428}"
EndProject
Project("{8BC9CEB8-8B4A-11D0-8D11-00A0C91BC942}") = "二分法704", "二分法704\二分法704.vcxproj", "{03027E82-D1AD-4BF1-B59A-280BCD68317E}"
EndProject
Project("{8BC9CEB8-8B4A-11D0-8D11-00A0C91BC942}") = "移除元素27", "移除元素27\移除元素27.vcxproj", "{35E56B0A-2BA8-4678-B8B1-AADED2BD910B}"
EndProject
Project("{8BC9CEB8-8B4A-11D0-8D11-00A0C91BC942}") = "有序数组的平方977", "有序数组的平方907\有序数组的平方907.vcxproj", "{399DC142-A2BF-4C2F-B39F-794FF27C170F}"
EndProject
Project("{8BC9CEB8-8B4A-11D0-8D11-00A0C91BC942}") = "长度最小的子数组209", "长度最小的子数组209\长度最小的子数组209.vcxproj", "{5B3749BE-AFE9-477B-AF61-265EA01E3B50}"
EndProject
Project("{8BC9CEB8-8B4A-11D0-8D11-00A0C91BC942}") = "螺旋矩阵59", "螺旋矩阵59\螺旋矩阵59.vcxproj", "{657C9825-90A7-45E8-9219-2025FEF0A543}"
EndProject
Project("{8BC9CEB8-8B4A-11D0-8D11-00A0C91BC942}") = "移除链表元素203", "移除链表元素203\移除链表元素203.vcxproj", "{F16782F0-B32B-48EC-91EE-8C16F48AB7DA}"
EndProject
Project("{8BC9CEB8-8B4A-11D0-8D11-00A0C91BC942}") = "设计链表707", "设计链表707\设计链表707.vcxproj", "{0CE692AE-3AD6-484A-88A9-E4895DEB790B}"
EndProject
Project("{8BC9CEB8-8B4A-11D0-8D11-00A0C91BC942}") = "反转链表206", "反转链表206\反转链表206.vcxproj", "{42965309-E730-48AF-A18C-12E537F48AF6}"
EndProject
Project("{8BC9CEB8-8B4A-11D0-8D11-00A0C91BC942}") = "两两交换链表中的节点24", "两两交换链表中的节点24\两两交换链表中的节点24.vcxproj", "{10B5AF7F-2D3E-4D1C-8292-A55A532E9C1E}"
EndProject
Project("{8BC9CEB8-8B4A-11D0-8D11-00A0C91BC942}") = "删除链表的倒数第N个节点19", "删除链表的倒数第N个节点19\删除链表的倒数第N个节点19.vcxproj", "{5060322E-232B-4278-90D6-08CD13153B9C}"
EndProject
Project("{8BC9CEB8-8B4A-11D0-8D11-00A0C91BC942}") = "链表相交160", "链表相交160\链表相交160.vcxproj", "{441EAFEA-B9F8-44D5-BD46-3566FA5392A0}"
EndProject
Project("{8BC9CEB8-8B4A-11D0-8D11-00A0C91BC942}") = "环形链表 II142", "环形链表 II142\环形链表 II142.vcxproj", "{F435788F-65CF-4829-B32C-C13175DB68E7}"
EndProject
Project("{8BC9CEB8-8B4A-11D0-8D11-00A0C91BC942}") = "有效的字母异位词242", "有效的字母异位词242\有效的字母异位词242.vcxproj", "{A24F9B6A-4A57-457E-87DA-DF5CC5EA8698}"
EndProject
Project("{8BC9CEB8-8B4A-11D0-8D11-00A0C91BC942}") = "两个数组的交集349", "两个数组的交集349\两个数组的交集349.vcxproj", "{5722400A-27C5-4A69-8E46-4C02FF4E6E59}"
EndProject
Project("{8BC9CEB8-8B4A-11D0-8D11-00A0C91BC942}") = "快乐数202", "快乐数202\快乐数202.vcxproj", "{4046D553-59CB-49A1-9069-256861EE7B1E}"
EndProject
Project("{8BC9CEB8-8B4A-11D0-8D11-00A0C91BC942}") = "两数之和1", "两数之和1\两数之和1.vcxproj", "{A6302BE6-D0C9-4BEC-8D63-7E4877DDE9A8}"
EndProject
Project("{8BC9CEB8-8B4A-11D0-8D11-00A0C91BC942}") = "四数相加 II454", "四数相加 II454\四数相加 II454.vcxproj", "{D2BEF0D0-42BC-46D6-B130-B256E2E69B51}"
EndProject
Project("{2150E333-8FDC-42A3-9474-1A3956D46DE8}") = "13线性结构", "13线性结构", "{33B399E1-522E-4F16-A51D-D7545916F4F1}"
EndProject
Project("{2150E333-8FDC-42A3-9474-1A3956D46DE8}") = "14树结构", "14树结构", "{84622135-6706-4223-AD71-13244C08D594}"
EndProject
Project("{2150E333-8FDC-42A3-9474-1A3956D46DE8}") = "15图结构", "15图结构", "{8D38E46B-392F-4158-B99E-6A81153C82B3}"
EndProject
Project("{8BC9CEB8-8B4A-11D0-8D11-00A0C91BC942}") = "堆结构", "堆结构\堆结构.vcxproj", "{FBBF47F2-33B1-4D8C-8171-A0F9668186AF}"
EndProject
Project("{8BC9CEB8-8B4A-11D0-8D11-00A0C91BC942}") = "赎金信383", "赎金信383\赎金信383.vcxproj", "{04B76FEA-4B75-4FF0-BC69-625C355FA8D2}"
EndProject
Project("{8BC9CEB8-8B4A-11D0-8D11-00A0C91BC942}") = "三数之和15", "三数之和15\三数之和15.vcxproj", "{207DCF12-DB7E-4A56-ADF0-C4C41634D639}"
EndProject
Project("{8BC9CEB8-8B4A-11D0-8D11-00A0C91BC942}") = "四数之和18", "四数之和18\四数之和18.vcxproj", "{600C4A83-4E4E-4135-B3A3-39A58DA5F3B0}"
EndProject
Project("{8BC9CEB8-8B4A-11D0-8D11-00A0C91BC942}") = "反转字符串344", "反转字符串344\反转字符串344.vcxproj", "{30A257D8-2F8F-4E22-A81A-92A9DC14418C}"
EndProject
Project("{8BC9CEB8-8B4A-11D0-8D11-00A0C91BC942}") = "反转字符串II541", "反转字符串II541\反转字符串II541.vcxproj", "{29FF2743-A3D3-45E9-9DAF-AC9AEBE98E48}"
EndProject
Project("{8BC9CEB8-8B4A-11D0-8D11-00A0C91BC942}") = "字符串填充数字", "字符串填充数字\字符串填充数字.vcxproj", "{E872D784-6438-4E75-8E81-FF244212A996}"
EndProject
Project("{8BC9CEB8-8B4A-11D0-8D11-00A0C91BC942}") = "分发饼干455", "分发饼干455\分发饼干455.vcxproj", "{53049ABA-5384-4457-8553-ECA07565DD6D}"
EndProject
Global
	GlobalSection(SolutionConfigurationPlatforms) = preSolution
		Debug|x64 = Debug|x64
		Debug|x86 = Debug|x86
		Release|x64 = Release|x64
		Release|x86 = Release|x86
	EndGlobalSection
	GlobalSection(ProjectConfigurationPlatforms) = postSolution
		{03027E82-D1AD-4BF1-B59A-280BCD68317E}.Debug|x64.ActiveCfg = Debug|x64
		{03027E82-D1AD-4BF1-B59A-280BCD68317E}.Debug|x64.Build.0 = Debug|x64
		{03027E82-D1AD-4BF1-B59A-280BCD68317E}.Debug|x86.ActiveCfg = Debug|Win32
		{03027E82-D1AD-4BF1-B59A-280BCD68317E}.Debug|x86.Build.0 = Debug|Win32
		{03027E82-D1AD-4BF1-B59A-280BCD68317E}.Release|x64.ActiveCfg = Release|x64
		{03027E82-D1AD-4BF1-B59A-280BCD68317E}.Release|x64.Build.0 = Release|x64
		{03027E82-D1AD-4BF1-B59A-280BCD68317E}.Release|x86.ActiveCfg = Release|Win32
		{03027E82-D1AD-4BF1-B59A-280BCD68317E}.Release|x86.Build.0 = Release|Win32
		{35E56B0A-2BA8-4678-B8B1-AADED2BD910B}.Debug|x64.ActiveCfg = Debug|x64
		{35E56B0A-2BA8-4678-B8B1-AADED2BD910B}.Debug|x64.Build.0 = Debug|x64
		{35E56B0A-2BA8-4678-B8B1-AADED2BD910B}.Debug|x86.ActiveCfg = Debug|Win32
		{35E56B0A-2BA8-4678-B8B1-AADED2BD910B}.Debug|x86.Build.0 = Debug|Win32
		{35E56B0A-2BA8-4678-B8B1-AADED2BD910B}.Release|x64.ActiveCfg = Release|x64
		{35E56B0A-2BA8-4678-B8B1-AADED2BD910B}.Release|x64.Build.0 = Release|x64
		{35E56B0A-2BA8-4678-B8B1-AADED2BD910B}.Release|x86.ActiveCfg = Release|Win32
		{35E56B0A-2BA8-4678-B8B1-AADED2BD910B}.Release|x86.Build.0 = Release|Win32
		{399DC142-A2BF-4C2F-B39F-794FF27C170F}.Debug|x64.ActiveCfg = Debug|x64
		{399DC142-A2BF-4C2F-B39F-794FF27C170F}.Debug|x64.Build.0 = Debug|x64
		{399DC142-A2BF-4C2F-B39F-794FF27C170F}.Debug|x86.ActiveCfg = Debug|Win32
		{399DC142-A2BF-4C2F-B39F-794FF27C170F}.Debug|x86.Build.0 = Debug|Win32
		{399DC142-A2BF-4C2F-B39F-794FF27C170F}.Release|x64.ActiveCfg = Release|x64
		{399DC142-A2BF-4C2F-B39F-794FF27C170F}.Release|x64.Build.0 = Release|x64
		{399DC142-A2BF-4C2F-B39F-794FF27C170F}.Release|x86.ActiveCfg = Release|Win32
		{399DC142-A2BF-4C2F-B39F-794FF27C170F}.Release|x86.Build.0 = Release|Win32
		{5B3749BE-AFE9-477B-AF61-265EA01E3B50}.Debug|x64.ActiveCfg = Debug|x64
		{5B3749BE-AFE9-477B-AF61-265EA01E3B50}.Debug|x64.Build.0 = Debug|x64
		{5B3749BE-AFE9-477B-AF61-265EA01E3B50}.Debug|x86.ActiveCfg = Debug|Win32
		{5B3749BE-AFE9-477B-AF61-265EA01E3B50}.Debug|x86.Build.0 = Debug|Win32
		{5B3749BE-AFE9-477B-AF61-265EA01E3B50}.Release|x64.ActiveCfg = Release|x64
		{5B3749BE-AFE9-477B-AF61-265EA01E3B50}.Release|x64.Build.0 = Release|x64
		{5B3749BE-AFE9-477B-AF61-265EA01E3B50}.Release|x86.ActiveCfg = Release|Win32
		{5B3749BE-AFE9-477B-AF61-265EA01E3B50}.Release|x86.Build.0 = Release|Win32
		{657C9825-90A7-45E8-9219-2025FEF0A543}.Debug|x64.ActiveCfg = Debug|x64
		{657C9825-90A7-45E8-9219-2025FEF0A543}.Debug|x64.Build.0 = Debug|x64
		{657C9825-90A7-45E8-9219-2025FEF0A543}.Debug|x86.ActiveCfg = Debug|Win32
		{657C9825-90A7-45E8-9219-2025FEF0A543}.Debug|x86.Build.0 = Debug|Win32
		{657C9825-90A7-45E8-9219-2025FEF0A543}.Release|x64.ActiveCfg = Release|x64
		{657C9825-90A7-45E8-9219-2025FEF0A543}.Release|x64.Build.0 = Release|x64
		{657C9825-90A7-45E8-9219-2025FEF0A543}.Release|x86.ActiveCfg = Release|Win32
		{657C9825-90A7-45E8-9219-2025FEF0A543}.Release|x86.Build.0 = Release|Win32
		{F16782F0-B32B-48EC-91EE-8C16F48AB7DA}.Debug|x64.ActiveCfg = Debug|x64
		{F16782F0-B32B-48EC-91EE-8C16F48AB7DA}.Debug|x64.Build.0 = Debug|x64
		{F16782F0-B32B-48EC-91EE-8C16F48AB7DA}.Debug|x86.ActiveCfg = Debug|Win32
		{F16782F0-B32B-48EC-91EE-8C16F48AB7DA}.Debug|x86.Build.0 = Debug|Win32
		{F16782F0-B32B-48EC-91EE-8C16F48AB7DA}.Release|x64.ActiveCfg = Release|x64
		{F16782F0-B32B-48EC-91EE-8C16F48AB7DA}.Release|x64.Build.0 = Release|x64
		{F16782F0-B32B-48EC-91EE-8C16F48AB7DA}.Release|x86.ActiveCfg = Release|Win32
		{F16782F0-B32B-48EC-91EE-8C16F48AB7DA}.Release|x86.Build.0 = Release|Win32
		{0CE692AE-3AD6-484A-88A9-E4895DEB790B}.Debug|x64.ActiveCfg = Debug|x64
		{0CE692AE-3AD6-484A-88A9-E4895DEB790B}.Debug|x64.Build.0 = Debug|x64
		{0CE692AE-3AD6-484A-88A9-E4895DEB790B}.Debug|x86.ActiveCfg = Debug|Win32
		{0CE692AE-3AD6-484A-88A9-E4895DEB790B}.Debug|x86.Build.0 = Debug|Win32
		{0CE692AE-3AD6-484A-88A9-E4895DEB790B}.Release|x64.ActiveCfg = Release|x64
		{0CE692AE-3AD6-484A-88A9-E4895DEB790B}.Release|x64.Build.0 = Release|x64
		{0CE692AE-3AD6-484A-88A9-E4895DEB790B}.Release|x86.ActiveCfg = Release|Win32
		{0CE692AE-3AD6-484A-88A9-E4895DEB790B}.Release|x86.Build.0 = Release|Win32
		{42965309-E730-48AF-A18C-12E537F48AF6}.Debug|x64.ActiveCfg = Debug|x64
		{42965309-E730-48AF-A18C-12E537F48AF6}.Debug|x64.Build.0 = Debug|x64
		{42965309-E730-48AF-A18C-12E537F48AF6}.Debug|x86.ActiveCfg = Debug|Win32
		{42965309-E730-48AF-A18C-12E537F48AF6}.Debug|x86.Build.0 = Debug|Win32
		{42965309-E730-48AF-A18C-12E537F48AF6}.Release|x64.ActiveCfg = Release|x64
		{42965309-E730-48AF-A18C-12E537F48AF6}.Release|x64.Build.0 = Release|x64
		{42965309-E730-48AF-A18C-12E537F48AF6}.Release|x86.ActiveCfg = Release|Win32
		{42965309-E730-48AF-A18C-12E537F48AF6}.Release|x86.Build.0 = Release|Win32
		{10B5AF7F-2D3E-4D1C-8292-A55A532E9C1E}.Debug|x64.ActiveCfg = Debug|x64
		{10B5AF7F-2D3E-4D1C-8292-A55A532E9C1E}.Debug|x64.Build.0 = Debug|x64
		{10B5AF7F-2D3E-4D1C-8292-A55A532E9C1E}.Debug|x86.ActiveCfg = Debug|Win32
		{10B5AF7F-2D3E-4D1C-8292-A55A532E9C1E}.Debug|x86.Build.0 = Debug|Win32
		{10B5AF7F-2D3E-4D1C-8292-A55A532E9C1E}.Release|x64.ActiveCfg = Release|x64
		{10B5AF7F-2D3E-4D1C-8292-A55A532E9C1E}.Release|x64.Build.0 = Release|x64
		{10B5AF7F-2D3E-4D1C-8292-A55A532E9C1E}.Release|x86.ActiveCfg = Release|Win32
		{10B5AF7F-2D3E-4D1C-8292-A55A532E9C1E}.Release|x86.Build.0 = Release|Win32
		{5060322E-232B-4278-90D6-08CD13153B9C}.Debug|x64.ActiveCfg = Debug|x64
		{5060322E-232B-4278-90D6-08CD13153B9C}.Debug|x64.Build.0 = Debug|x64
		{5060322E-232B-4278-90D6-08CD13153B9C}.Debug|x86.ActiveCfg = Debug|Win32
		{5060322E-232B-4278-90D6-08CD13153B9C}.Debug|x86.Build.0 = Debug|Win32
		{5060322E-232B-4278-90D6-08CD13153B9C}.Release|x64.ActiveCfg = Release|x64
		{5060322E-232B-4278-90D6-08CD13153B9C}.Release|x64.Build.0 = Release|x64
		{5060322E-232B-4278-90D6-08CD13153B9C}.Release|x86.ActiveCfg = Release|Win32
		{5060322E-232B-4278-90D6-08CD13153B9C}.Release|x86.Build.0 = Release|Win32
		{441EAFEA-B9F8-44D5-BD46-3566FA5392A0}.Debug|x64.ActiveCfg = Debug|x64
		{441EAFEA-B9F8-44D5-BD46-3566FA5392A0}.Debug|x64.Build.0 = Debug|x64
		{441EAFEA-B9F8-44D5-BD46-3566FA5392A0}.Debug|x86.ActiveCfg = Debug|Win32
		{441EAFEA-B9F8-44D5-BD46-3566FA5392A0}.Debug|x86.Build.0 = Debug|Win32
		{441EAFEA-B9F8-44D5-BD46-3566FA5392A0}.Release|x64.ActiveCfg = Release|x64
		{441EAFEA-B9F8-44D5-BD46-3566FA5392A0}.Release|x64.Build.0 = Release|x64
		{441EAFEA-B9F8-44D5-BD46-3566FA5392A0}.Release|x86.ActiveCfg = Release|Win32
		{441EAFEA-B9F8-44D5-BD46-3566FA5392A0}.Release|x86.Build.0 = Release|Win32
		{F435788F-65CF-4829-B32C-C13175DB68E7}.Debug|x64.ActiveCfg = Debug|x64
		{F435788F-65CF-4829-B32C-C13175DB68E7}.Debug|x64.Build.0 = Debug|x64
		{F435788F-65CF-4829-B32C-C13175DB68E7}.Debug|x86.ActiveCfg = Debug|Win32
		{F435788F-65CF-4829-B32C-C13175DB68E7}.Debug|x86.Build.0 = Debug|Win32
		{F435788F-65CF-4829-B32C-C13175DB68E7}.Release|x64.ActiveCfg = Release|x64
		{F435788F-65CF-4829-B32C-C13175DB68E7}.Release|x64.Build.0 = Release|x64
		{F435788F-65CF-4829-B32C-C13175DB68E7}.Release|x86.ActiveCfg = Release|Win32
		{F435788F-65CF-4829-B32C-C13175DB68E7}.Release|x86.Build.0 = Release|Win32
		{A24F9B6A-4A57-457E-87DA-DF5CC5EA8698}.Debug|x64.ActiveCfg = Debug|x64
		{A24F9B6A-4A57-457E-87DA-DF5CC5EA8698}.Debug|x64.Build.0 = Debug|x64
		{A24F9B6A-4A57-457E-87DA-DF5CC5EA8698}.Debug|x86.ActiveCfg = Debug|Win32
		{A24F9B6A-4A57-457E-87DA-DF5CC5EA8698}.Debug|x86.Build.0 = Debug|Win32
		{A24F9B6A-4A57-457E-87DA-DF5CC5EA8698}.Release|x64.ActiveCfg = Release|x64
		{A24F9B6A-4A57-457E-87DA-DF5CC5EA8698}.Release|x64.Build.0 = Release|x64
		{A24F9B6A-4A57-457E-87DA-DF5CC5EA8698}.Release|x86.ActiveCfg = Release|Win32
		{A24F9B6A-4A57-457E-87DA-DF5CC5EA8698}.Release|x86.Build.0 = Release|Win32
		{5722400A-27C5-4A69-8E46-4C02FF4E6E59}.Debug|x64.ActiveCfg = Debug|x64
		{5722400A-27C5-4A69-8E46-4C02FF4E6E59}.Debug|x64.Build.0 = Debug|x64
		{5722400A-27C5-4A69-8E46-4C02FF4E6E59}.Debug|x86.ActiveCfg = Debug|Win32
		{5722400A-27C5-4A69-8E46-4C02FF4E6E59}.Debug|x86.Build.0 = Debug|Win32
		{5722400A-27C5-4A69-8E46-4C02FF4E6E59}.Release|x64.ActiveCfg = Release|x64
		{5722400A-27C5-4A69-8E46-4C02FF4E6E59}.Release|x64.Build.0 = Release|x64
		{5722400A-27C5-4A69-8E46-4C02FF4E6E59}.Release|x86.ActiveCfg = Release|Win32
		{5722400A-27C5-4A69-8E46-4C02FF4E6E59}.Release|x86.Build.0 = Release|Win32
		{4046D553-59CB-49A1-9069-256861EE7B1E}.Debug|x64.ActiveCfg = Debug|x64
		{4046D553-59CB-49A1-9069-256861EE7B1E}.Debug|x64.Build.0 = Debug|x64
		{4046D553-59CB-49A1-9069-256861EE7B1E}.Debug|x86.ActiveCfg = Debug|Win32
		{4046D553-59CB-49A1-9069-256861EE7B1E}.Debug|x86.Build.0 = Debug|Win32
		{4046D553-59CB-49A1-9069-256861EE7B1E}.Release|x64.ActiveCfg = Release|x64
		{4046D553-59CB-49A1-9069-256861EE7B1E}.Release|x64.Build.0 = Release|x64
		{4046D553-59CB-49A1-9069-256861EE7B1E}.Release|x86.ActiveCfg = Release|Win32
		{4046D553-59CB-49A1-9069-256861EE7B1E}.Release|x86.Build.0 = Release|Win32
		{A6302BE6-D0C9-4BEC-8D63-7E4877DDE9A8}.Debug|x64.ActiveCfg = Debug|x64
		{A6302BE6-D0C9-4BEC-8D63-7E4877DDE9A8}.Debug|x64.Build.0 = Debug|x64
		{A6302BE6-D0C9-4BEC-8D63-7E4877DDE9A8}.Debug|x86.ActiveCfg = Debug|Win32
		{A6302BE6-D0C9-4BEC-8D63-7E4877DDE9A8}.Debug|x86.Build.0 = Debug|Win32
		{A6302BE6-D0C9-4BEC-8D63-7E4877DDE9A8}.Release|x64.ActiveCfg = Release|x64
		{A6302BE6-D0C9-4BEC-8D63-7E4877DDE9A8}.Release|x64.Build.0 = Release|x64
		{A6302BE6-D0C9-4BEC-8D63-7E4877DDE9A8}.Release|x86.ActiveCfg = Release|Win32
		{A6302BE6-D0C9-4BEC-8D63-7E4877DDE9A8}.Release|x86.Build.0 = Release|Win32
		{D2BEF0D0-42BC-46D6-B130-B256E2E69B51}.Debug|x64.ActiveCfg = Debug|x64
		{D2BEF0D0-42BC-46D6-B130-B256E2E69B51}.Debug|x64.Build.0 = Debug|x64
		{D2BEF0D0-42BC-46D6-B130-B256E2E69B51}.Debug|x86.ActiveCfg = Debug|Win32
		{D2BEF0D0-42BC-46D6-B130-B256E2E69B51}.Debug|x86.Build.0 = Debug|Win32
		{D2BEF0D0-42BC-46D6-B130-B256E2E69B51}.Release|x64.ActiveCfg = Release|x64
		{D2BEF0D0-42BC-46D6-B130-B256E2E69B51}.Release|x64.Build.0 = Release|x64
		{D2BEF0D0-42BC-46D6-B130-B256E2E69B51}.Release|x86.ActiveCfg = Release|Win32
		{D2BEF0D0-42BC-46D6-B130-B256E2E69B51}.Release|x86.Build.0 = Release|Win32
		{FBBF47F2-33B1-4D8C-8171-A0F9668186AF}.Debug|x64.ActiveCfg = Debug|x64
		{FBBF47F2-33B1-4D8C-8171-A0F9668186AF}.Debug|x64.Build.0 = Debug|x64
		{FBBF47F2-33B1-4D8C-8171-A0F9668186AF}.Debug|x86.ActiveCfg = Debug|Win32
		{FBBF47F2-33B1-4D8C-8171-A0F9668186AF}.Debug|x86.Build.0 = Debug|Win32
		{FBBF47F2-33B1-4D8C-8171-A0F9668186AF}.Release|x64.ActiveCfg = Release|x64
		{FBBF47F2-33B1-4D8C-8171-A0F9668186AF}.Release|x64.Build.0 = Release|x64
		{FBBF47F2-33B1-4D8C-8171-A0F9668186AF}.Release|x86.ActiveCfg = Release|Win32
		{FBBF47F2-33B1-4D8C-8171-A0F9668186AF}.Release|x86.Build.0 = Release|Win32
		{04B76FEA-4B75-4FF0-BC69-625C355FA8D2}.Debug|x64.ActiveCfg = Debug|x64
		{04B76FEA-4B75-4FF0-BC69-625C355FA8D2}.Debug|x64.Build.0 = Debug|x64
		{04B76FEA-4B75-4FF0-BC69-625C355FA8D2}.Debug|x86.ActiveCfg = Debug|Win32
		{04B76FEA-4B75-4FF0-BC69-625C355FA8D2}.Debug|x86.Build.0 = Debug|Win32
		{04B76FEA-4B75-4FF0-BC69-625C355FA8D2}.Release|x64.ActiveCfg = Release|x64
		{04B76FEA-4B75-4FF0-BC69-625C355FA8D2}.Release|x64.Build.0 = Release|x64
		{04B76FEA-4B75-4FF0-BC69-625C355FA8D2}.Release|x86.ActiveCfg = Release|Win32
		{04B76FEA-4B75-4FF0-BC69-625C355FA8D2}.Release|x86.Build.0 = Release|Win32
		{207DCF12-DB7E-4A56-ADF0-C4C41634D639}.Debug|x64.ActiveCfg = Debug|x64
		{207DCF12-DB7E-4A56-ADF0-C4C41634D639}.Debug|x64.Build.0 = Debug|x64
		{207DCF12-DB7E-4A56-ADF0-C4C41634D639}.Debug|x86.ActiveCfg = Debug|Win32
		{207DCF12-DB7E-4A56-ADF0-C4C41634D639}.Debug|x86.Build.0 = Debug|Win32
		{207DCF12-DB7E-4A56-ADF0-C4C41634D639}.Release|x64.ActiveCfg = Release|x64
		{207DCF12-DB7E-4A56-ADF0-C4C41634D639}.Release|x64.Build.0 = Release|x64
		{207DCF12-DB7E-4A56-ADF0-C4C41634D639}.Release|x86.ActiveCfg = Release|Win32
		{207DCF12-DB7E-4A56-ADF0-C4C41634D639}.Release|x86.Build.0 = Release|Win32
		{600C4A83-4E4E-4135-B3A3-39A58DA5F3B0}.Debug|x64.ActiveCfg = Debug|x64
		{600C4A83-4E4E-4135-B3A3-39A58DA5F3B0}.Debug|x64.Build.0 = Debug|x64
		{600C4A83-4E4E-4135-B3A3-39A58DA5F3B0}.Debug|x86.ActiveCfg = Debug|Win32
		{600C4A83-4E4E-4135-B3A3-39A58DA5F3B0}.Debug|x86.Build.0 = Debug|Win32
		{600C4A83-4E4E-4135-B3A3-39A58DA5F3B0}.Release|x64.ActiveCfg = Release|x64
		{600C4A83-4E4E-4135-B3A3-39A58DA5F3B0}.Release|x64.Build.0 = Release|x64
		{600C4A83-4E4E-4135-B3A3-39A58DA5F3B0}.Release|x86.ActiveCfg = Release|Win32
		{600C4A83-4E4E-4135-B3A3-39A58DA5F3B0}.Release|x86.Build.0 = Release|Win32
		{30A257D8-2F8F-4E22-A81A-92A9DC14418C}.Debug|x64.ActiveCfg = Debug|x64
		{30A257D8-2F8F-4E22-A81A-92A9DC14418C}.Debug|x64.Build.0 = Debug|x64
		{30A257D8-2F8F-4E22-A81A-92A9DC14418C}.Debug|x86.ActiveCfg = Debug|Win32
		{30A257D8-2F8F-4E22-A81A-92A9DC14418C}.Debug|x86.Build.0 = Debug|Win32
		{30A257D8-2F8F-4E22-A81A-92A9DC14418C}.Release|x64.ActiveCfg = Release|x64
		{30A257D8-2F8F-4E22-A81A-92A9DC14418C}.Release|x64.Build.0 = Release|x64
		{30A257D8-2F8F-4E22-A81A-92A9DC14418C}.Release|x86.ActiveCfg = Release|Win32
		{30A257D8-2F8F-4E22-A81A-92A9DC14418C}.Release|x86.Build.0 = Release|Win32
		{29FF2743-A3D3-45E9-9DAF-AC9AEBE98E48}.Debug|x64.ActiveCfg = Debug|x64
		{29FF2743-A3D3-45E9-9DAF-AC9AEBE98E48}.Debug|x64.Build.0 = Debug|x64
		{29FF2743-A3D3-45E9-9DAF-AC9AEBE98E48}.Debug|x86.ActiveCfg = Debug|Win32
		{29FF2743-A3D3-45E9-9DAF-AC9AEBE98E48}.Debug|x86.Build.0 = Debug|Win32
		{29FF2743-A3D3-45E9-9DAF-AC9AEBE98E48}.Release|x64.ActiveCfg = Release|x64
		{29FF2743-A3D3-45E9-9DAF-AC9AEBE98E48}.Release|x64.Build.0 = Release|x64
		{29FF2743-A3D3-45E9-9DAF-AC9AEBE98E48}.Release|x86.ActiveCfg = Release|Win32
		{29FF2743-A3D3-45E9-9DAF-AC9AEBE98E48}.Release|x86.Build.0 = Release|Win32
		{E872D784-6438-4E75-8E81-FF244212A996}.Debug|x64.ActiveCfg = Debug|x64
		{E872D784-6438-4E75-8E81-FF244212A996}.Debug|x64.Build.0 = Debug|x64
		{E872D784-6438-4E75-8E81-FF244212A996}.Debug|x86.ActiveCfg = Debug|Win32
		{E872D784-6438-4E75-8E81-FF244212A996}.Debug|x86.Build.0 = Debug|Win32
		{E872D784-6438-4E75-8E81-FF244212A996}.Release|x64.ActiveCfg = Release|x64
		{E872D784-6438-4E75-8E81-FF244212A996}.Release|x64.Build.0 = Release|x64
		{E872D784-6438-4E75-8E81-FF244212A996}.Release|x86.ActiveCfg = Release|Win32
		{E872D784-6438-4E75-8E81-FF244212A996}.Release|x86.Build.0 = Release|Win32
		{53049ABA-5384-4457-8553-ECA07565DD6D}.Debug|x64.ActiveCfg = Debug|x64
		{53049ABA-5384-4457-8553-ECA07565DD6D}.Debug|x64.Build.0 = Debug|x64
		{53049ABA-5384-4457-8553-ECA07565DD6D}.Debug|x86.ActiveCfg = Debug|Win32
		{53049ABA-5384-4457-8553-ECA07565DD6D}.Debug|x86.Build.0 = Debug|Win32
		{53049ABA-5384-4457-8553-ECA07565DD6D}.Release|x64.ActiveCfg = Release|x64
		{53049ABA-5384-4457-8553-ECA07565DD6D}.Release|x64.Build.0 = Release|x64
		{53049ABA-5384-4457-8553-ECA07565DD6D}.Release|x86.ActiveCfg = Release|Win32
		{53049ABA-5384-4457-8553-ECA07565DD6D}.Release|x86.Build.0 = Release|Win32
	EndGlobalSection
	GlobalSection(SolutionProperties) = preSolution
		HideSolutionNode = FALSE
	EndGlobalSection
	GlobalSection(NestedProjects) = preSolution
		{03027E82-D1AD-4BF1-B59A-280BCD68317E} = {E202878F-7F5D-43B3-AD95-C515B933044D}
		{35E56B0A-2BA8-4678-B8B1-AADED2BD910B} = {E202878F-7F5D-43B3-AD95-C515B933044D}
		{399DC142-A2BF-4C2F-B39F-794FF27C170F} = {E202878F-7F5D-43B3-AD95-C515B933044D}
		{5B3749BE-AFE9-477B-AF61-265EA01E3B50} = {E202878F-7F5D-43B3-AD95-C515B933044D}
		{657C9825-90A7-45E8-9219-2025FEF0A543} = {E202878F-7F5D-43B3-AD95-C515B933044D}
		{F16782F0-B32B-48EC-91EE-8C16F48AB7DA} = {D2E595C1-A27C-4E27-A9CD-A06E4801BE80}
		{0CE692AE-3AD6-484A-88A9-E4895DEB790B} = {D2E595C1-A27C-4E27-A9CD-A06E4801BE80}
		{42965309-E730-48AF-A18C-12E537F48AF6} = {D2E595C1-A27C-4E27-A9CD-A06E4801BE80}
		{10B5AF7F-2D3E-4D1C-8292-A55A532E9C1E} = {D2E595C1-A27C-4E27-A9CD-A06E4801BE80}
		{5060322E-232B-4278-90D6-08CD13153B9C} = {D2E595C1-A27C-4E27-A9CD-A06E4801BE80}
		{441EAFEA-B9F8-44D5-BD46-3566FA5392A0} = {D2E595C1-A27C-4E27-A9CD-A06E4801BE80}
		{F435788F-65CF-4829-B32C-C13175DB68E7} = {D2E595C1-A27C-4E27-A9CD-A06E4801BE80}
		{A24F9B6A-4A57-457E-87DA-DF5CC5EA8698} = {D98F9A0F-68CA-4168-BCDA-0E795503129A}
		{5722400A-27C5-4A69-8E46-4C02FF4E6E59} = {D98F9A0F-68CA-4168-BCDA-0E795503129A}
		{4046D553-59CB-49A1-9069-256861EE7B1E} = {D98F9A0F-68CA-4168-BCDA-0E795503129A}
		{A6302BE6-D0C9-4BEC-8D63-7E4877DDE9A8} = {D98F9A0F-68CA-4168-BCDA-0E795503129A}
		{D2BEF0D0-42BC-46D6-B130-B256E2E69B51} = {D98F9A0F-68CA-4168-BCDA-0E795503129A}
		{FBBF47F2-33B1-4D8C-8171-A0F9668186AF} = {84622135-6706-4223-AD71-13244C08D594}
		{04B76FEA-4B75-4FF0-BC69-625C355FA8D2} = {D98F9A0F-68CA-4168-BCDA-0E795503129A}
		{207DCF12-DB7E-4A56-ADF0-C4C41634D639} = {D98F9A0F-68CA-4168-BCDA-0E795503129A}
		{600C4A83-4E4E-4135-B3A3-39A58DA5F3B0} = {D98F9A0F-68CA-4168-BCDA-0E795503129A}
		{30A257D8-2F8F-4E22-A81A-92A9DC14418C} = {EF966B37-10DE-4FD5-B1D9-CCE87BF2B287}
		{29FF2743-A3D3-45E9-9DAF-AC9AEBE98E48} = {EF966B37-10DE-4FD5-B1D9-CCE87BF2B287}
		{E872D784-6438-4E75-8E81-FF244212A996} = {EF966B37-10DE-4FD5-B1D9-CCE87BF2B287}
		{53049ABA-5384-4457-8553-ECA07565DD6D} = {D5778032-A15B-4CAC-871B-E039C5CA4C3D}
	EndGlobalSection
	GlobalSection(ExtensibilityGlobals) = postSolution
		SolutionGuid = {6C99406F-228C-4D43-AB79-793AA7B51349}
	EndGlobalSection
EndGlobal
